
Microsoft Visual Studio Solution File, Format Version 10.00
# Visual Studio 2008
Project("{FAE04EC0-301F-11D3-BF4B-00C04F79EFBC}") = "VTreeView", "VTreeView\VTreeView.csproj", "{4100E1C3-7033-402C-8073-236CA3F8B81A}"
EndProject
Project("{FAE04EC0-301F-11D3-BF4B-00C04F79EFBC}") = "VTreeViewTest", "VTreeViewTest\VTreeViewTest.csproj", "{846B11B6-E0AD-429E-9C83-AEC8942B75A3}"
EndProject
Global
	GlobalSection(SolutionConfigurationPlatforms) = preSolution
		Debug|Any CPU = Debug|Any CPU
		Release|Any CPU = Release|Any CPU
	EndGlobalSection
	GlobalSection(ProjectConfigurationPlatforms) = postSolution
		{4100E1C3-7033-402C-8073-236CA3F8B81A}.Debug|Any CPU.ActiveCfg = Debug|Any CPU
		{4100E1C3-7033-402C-8073-236CA3F8B81A}.Debug|Any CPU.Build.0 = Debug|Any CPU
		{4100E1C3-7033-402C-8073-236CA3F8B81A}.Release|Any CPU.ActiveCfg = Release|Any CPU
		{4100E1C3-7033-402C-8073-236CA3F8B81A}.Release|Any CPU.Build.0 = Release|Any CPU
		{846B11B6-E0AD-429E-9C83-AEC8942B75A3}.Debug|Any CPU.ActiveCfg = Debug|Any CPU
		{846B11B6-E0AD-429E-9C83-AEC8942B75A3}.Debug|Any CPU.Build.0 = Debug|Any CPU
		{846B11B6-E0AD-429E-9C83-AEC8942B75A3}.Release|Any CPU.ActiveCfg = Release|Any CPU
		{846B11B6-E0AD-429E-9C83-AEC8942B75A3}.Release|Any CPU.Build.0 = Release|Any CPU
	EndGlobalSection
	GlobalSection(SolutionProperties) = preSolution
		HideSolutionNode = FALSE
	EndGlobalSection
EndGlobal
