
Microsoft Visual Studio Solution File, Format Version 10.00
# Visual C# Express 2008
Project("{FAE04EC0-301F-11D3-BF4B-00C04F79EFBC}") = "SporeMaster", "SporeMaster\SporeMaster.csproj", "{47D70385-030C-4B4C-968B-08E22E1BAD22}"
EndProject
Project("{FAE04EC0-301F-11D3-BF4B-00C04F79EFBC}") = "VTreeView", "..\VTreeView\VTreeView\VTreeView.csproj", "{4100E1C3-7033-402C-8073-236CA3F8B81A}"
EndProject
Project("{FAE04EC0-301F-11D3-BF4B-00C04F79EFBC}") = "DecodeRW4", "DecodeRW4\DecodeRW4.csproj", "{38369DBE-2891-4DD2-B4C0-7228D7316934}"
EndProject
Global
	GlobalSection(SolutionConfigurationPlatforms) = preSolution
		Debug|Any CPU = Debug|Any CPU
		Debug|x86 = Debug|x86
		Release|Any CPU = Release|Any CPU
		Release|x86 = Release|x86
	EndGlobalSection
	GlobalSection(ProjectConfigurationPlatforms) = postSolution
		{47D70385-030C-4B4C-968B-08E22E1BAD22}.Debug|Any CPU.ActiveCfg = Debug|Any CPU
		{47D70385-030C-4B4C-968B-08E22E1BAD22}.Debug|Any CPU.Build.0 = Debug|Any CPU
		{47D70385-030C-4B4C-968B-08E22E1BAD22}.Debug|x86.ActiveCfg = Debug|Any CPU
		{47D70385-030C-4B4C-968B-08E22E1BAD22}.Release|Any CPU.ActiveCfg = Release|Any CPU
		{47D70385-030C-4B4C-968B-08E22E1BAD22}.Release|Any CPU.Build.0 = Release|Any CPU
		{47D70385-030C-4B4C-968B-08E22E1BAD22}.Release|x86.ActiveCfg = Release|Any CPU
		{4100E1C3-7033-402C-8073-236CA3F8B81A}.Debug|Any CPU.ActiveCfg = Debug|Any CPU
		{4100E1C3-7033-402C-8073-236CA3F8B81A}.Debug|Any CPU.Build.0 = Debug|Any CPU
		{4100E1C3-7033-402C-8073-236CA3F8B81A}.Debug|x86.ActiveCfg = Debug|Any CPU
		{4100E1C3-7033-402C-8073-236CA3F8B81A}.Release|Any CPU.ActiveCfg = Release|Any CPU
		{4100E1C3-7033-402C-8073-236CA3F8B81A}.Release|Any CPU.Build.0 = Release|Any CPU
		{4100E1C3-7033-402C-8073-236CA3F8B81A}.Release|x86.ActiveCfg = Release|Any CPU
		{38369DBE-2891-4DD2-B4C0-7228D7316934}.Debug|Any CPU.ActiveCfg = Debug|Any CPU
		{38369DBE-2891-4DD2-B4C0-7228D7316934}.Debug|Any CPU.Build.0 = Debug|Any CPU
		{38369DBE-2891-4DD2-B4C0-7228D7316934}.Debug|x86.ActiveCfg = Debug|x86
		{38369DBE-2891-4DD2-B4C0-7228D7316934}.Debug|x86.Build.0 = Debug|x86
		{38369DBE-2891-4DD2-B4C0-7228D7316934}.Release|Any CPU.ActiveCfg = Release|Any CPU
		{38369DBE-2891-4DD2-B4C0-7228D7316934}.Release|Any CPU.Build.0 = Release|Any CPU
		{38369DBE-2891-4DD2-B4C0-7228D7316934}.Release|x86.ActiveCfg = Release|x86
		{38369DBE-2891-4DD2-B4C0-7228D7316934}.Release|x86.Build.0 = Release|x86
	EndGlobalSection
	GlobalSection(SolutionProperties) = preSolution
		HideSolutionNode = FALSE
	EndGlobalSection
EndGlobal
